{
  "name": "ft_transcendence",
  "lockfileVersion": 2,
  "requires": true,
  "packages": {
    "": {
      "devDependencies": {
        "pnpm": "^8.14.0",
        "typescript": "^4.9.5"
      }
    },
    "node_modules/pnpm": {
      "version": "8.14.0",
      "resolved": "https://registry.npmjs.org/pnpm/-/pnpm-8.14.0.tgz",
      "integrity": "sha512-XUv5ezSfrxpRMYqhuoh+mdnDbiA9vLVZOKkf3dJFQkbLAHI9ZkL1TUY6D1KicB2t+N4AKjf8YTyc3JTtVnXdzg==",
      "dev": true,
      "bin": {
        "pnpm": "bin/pnpm.cjs",
        "pnpx": "bin/pnpx.cjs"
      },
      "engines": {
        "node": ">=16.14"
      },
      "funding": {
        "url": "https://opencollective.com/pnpm"
      }
    },
    "node_modules/typescript": {
      "version": "4.9.5",
      "resolved": "https://registry.npmjs.org/typescript/-/typescript-4.9.5.tgz",
      "integrity": "sha512-1FXk9E2Hm+QzZQ7z+McJiHL4NW1F2EzMu9Nq9i3zAaGqibafqYwCVU6WyWAuyQRRzOlxou8xZSyXLEN8oKj24g==",
      "dev": true,
      "bin": {
        "tsc": "bin/tsc",
        "tsserver": "bin/tsserver"
      },
      "engines": {
        "node": ">=4.2.0"
      }
    }
  },
  "dependencies": {
    "pnpm": {
      "version": "8.14.0",
      "resolved": "https://registry.npmjs.org/pnpm/-/pnpm-8.14.0.tgz",
      "integrity": "sha512-XUv5ezSfrxpRMYqhuoh+mdnDbiA9vLVZOKkf3dJFQkbLAHI9ZkL1TUY6D1KicB2t+N4AKjf8YTyc3JTtVnXdzg==",
      "dev": true
    },
    "typescript": {
      "version": "4.9.5",
      "resolved": "https://registry.npmjs.org/typescript/-/typescript-4.9.5.tgz",
      "integrity": "sha512-1FXk9E2Hm+QzZQ7z+McJiHL4NW1F2EzMu9Nq9i3zAaGqibafqYwCVU6WyWAuyQRRzOlxou8xZSyXLEN8oKj24g==",
      "dev": true
    }
  }
}
