{
  "name": "repo",
  "lockfileVersion": 2,
  "requires": true,
  "packages": {
    "": {
      "devDependencies": {
        "@types/node": "^20.10.7",
        "pnpm": "^8.14.0"
      }
    },
    "node_modules/@types/node": {
      "version": "20.10.7",
      "resolved": "https://registry.npmjs.org/@types/node/-/node-20.10.7.tgz",
      "integrity": "sha512-fRbIKb8C/Y2lXxB5eVMj4IU7xpdox0Lh8bUPEdtLysaylsml1hOOx1+STloRs/B9nf7C6kPRmmg/V7aQW7usNg==",
      "dev": true,
      "dependencies": {
        "undici-types": "~5.26.4"
      }
    },
    "node_modules/pnpm": {
      "version": "8.14.0",
      "resolved": "https://registry.npmjs.org/pnpm/-/pnpm-8.14.0.tgz",
      "integrity": "sha512-XUv5ezSfrxpRMYqhuoh+mdnDbiA9vLVZOKkf3dJFQkbLAHI9ZkL1TUY6D1KicB2t+N4AKjf8YTyc3JTtVnXdzg==",
      "dev": true,
      "bin": {
        "pnpm": "bin/pnpm.cjs",
        "pnpx": "bin/pnpx.cjs"
      },
      "engines": {
        "node": ">=16.14"
      },
      "funding": {
        "url": "https://opencollective.com/pnpm"
      }
    },
    "node_modules/undici-types": {
      "version": "5.26.5",
      "resolved": "https://registry.npmjs.org/undici-types/-/undici-types-5.26.5.tgz",
      "integrity": "sha512-JlCMO+ehdEIKqlFxk6IfVoAUVmgz7cU7zD/h9XZ0qzeosSHmUJVOzSQvvYSYWXkFXC+IfLKSIffhv0sVZup6pA==",
      "dev": true
    }
  },
  "dependencies": {
    "@types/node": {
      "version": "20.10.7",
      "resolved": "https://registry.npmjs.org/@types/node/-/node-20.10.7.tgz",
      "integrity": "sha512-fRbIKb8C/Y2lXxB5eVMj4IU7xpdox0Lh8bUPEdtLysaylsml1hOOx1+STloRs/B9nf7C6kPRmmg/V7aQW7usNg==",
      "dev": true,
      "requires": {
        "undici-types": "~5.26.4"
      }
    },
    "pnpm": {
      "version": "8.14.0",
      "resolved": "https://registry.npmjs.org/pnpm/-/pnpm-8.14.0.tgz",
      "integrity": "sha512-XUv5ezSfrxpRMYqhuoh+mdnDbiA9vLVZOKkf3dJFQkbLAHI9ZkL1TUY6D1KicB2t+N4AKjf8YTyc3JTtVnXdzg==",
      "dev": true
    },
    "undici-types": {
      "version": "5.26.5",
      "resolved": "https://registry.npmjs.org/undici-types/-/undici-types-5.26.5.tgz",
      "integrity": "sha512-JlCMO+ehdEIKqlFxk6IfVoAUVmgz7cU7zD/h9XZ0qzeosSHmUJVOzSQvvYSYWXkFXC+IfLKSIffhv0sVZup6pA==",
      "dev": true
    }
  }
}
