lockfileVersion: '6.0'

settings:
  autoInstallPeers: true
  excludeLinksFromLockfile: false

devDependencies:
  '@types/node':
    specifier: ^20.10.7
    version: 20.11.5
  pnpm:
    specifier: ^8.14.0
    version: 8.14.1

packages:

  /@types/node@20.11.5:
    resolution: {integrity: sha512-g557vgQjUUfN76MZAN/dt1z3dzcUsimuysco0KeluHgrPdJXkP/XdAURgyO2W9fZWHRtRBiVKzKn8vyOAwlG+w==}
    dependencies:
      undici-types: 5.26.5
    dev: true

  /pnpm@8.14.1:
    resolution: {integrity: sha512-hWxOzZfF0/MDVOvDc80y+zcnQpXEidstD2E6HmDwEMrfuxUDbVJfOgbewYl+QhmzxPbTvo8vYvsKNmvuaqp1Mw==}
    engines: {node: '>=16.14'}
    hasBin: true
    dev: true

  /undici-types@5.26.5:
    resolution: {integrity: sha512-JlCMO+ehdEIKqlFxk6IfVoAUVmgz7cU7zD/h9XZ0qzeosSHmUJVOzSQvvYSYWXkFXC+IfLKSIffhv0sVZup6pA==}
    dev: true
